
Microsoft Visual Studio Solution File, Format Version 12.00
# Visual Studio 15
VisualStudioVersion = 15.0.26430.16
MinimumVisualStudioVersion = 10.0.40219.1
Project("{FAE04EC0-301F-11D3-BF4B-00C04F79EFBC}") = "TWBuddyPrgmAssignmentUT", "TWBuddyPrgmAssignmentUT\TWBuddyPrgmAssignmentUT.csproj", "{962B51E4-D428-4B5B-B8A5-B6FDBFD2548D}"
EndProject
Project("{FAE04EC0-301F-11D3-BF4B-00C04F79EFBC}") = "Common", "Common\Common.csproj", "{09A277EA-6A3C-448E-86AF-7931EA5A42C6}"
EndProject
Project("{FAE04EC0-301F-11D3-BF4B-00C04F79EFBC}") = "Tests", "Tests\Tests.csproj", "{6E135AEB-DF88-4C6F-B260-366254DFC306}"
EndProject
Global
	GlobalSection(SolutionConfigurationPlatforms) = preSolution
		Debug|Any CPU = Debug|Any CPU
		Release|Any CPU = Release|Any CPU
	EndGlobalSection
	GlobalSection(ProjectConfigurationPlatforms) = postSolution
		{962B51E4-D428-4B5B-B8A5-B6FDBFD2548D}.Debug|Any CPU.ActiveCfg = Debug|Any CPU
		{962B51E4-D428-4B5B-B8A5-B6FDBFD2548D}.Debug|Any CPU.Build.0 = Debug|Any CPU
		{962B51E4-D428-4B5B-B8A5-B6FDBFD2548D}.Release|Any CPU.ActiveCfg = Release|Any CPU
		{962B51E4-D428-4B5B-B8A5-B6FDBFD2548D}.Release|Any CPU.Build.0 = Release|Any CPU
		{09A277EA-6A3C-448E-86AF-7931EA5A42C6}.Debug|Any CPU.ActiveCfg = Debug|Any CPU
		{09A277EA-6A3C-448E-86AF-7931EA5A42C6}.Debug|Any CPU.Build.0 = Debug|Any CPU
		{09A277EA-6A3C-448E-86AF-7931EA5A42C6}.Release|Any CPU.ActiveCfg = Release|Any CPU
		{09A277EA-6A3C-448E-86AF-7931EA5A42C6}.Release|Any CPU.Build.0 = Release|Any CPU
		{6E135AEB-DF88-4C6F-B260-366254DFC306}.Debug|Any CPU.ActiveCfg = Debug|Any CPU
		{6E135AEB-DF88-4C6F-B260-366254DFC306}.Debug|Any CPU.Build.0 = Debug|Any CPU
		{6E135AEB-DF88-4C6F-B260-366254DFC306}.Release|Any CPU.ActiveCfg = Release|Any CPU
		{6E135AEB-DF88-4C6F-B260-366254DFC306}.Release|Any CPU.Build.0 = Release|Any CPU
	EndGlobalSection
	GlobalSection(SolutionProperties) = preSolution
		HideSolutionNode = FALSE
	EndGlobalSection
EndGlobal
